%SSDP;udp dst port 1900
%LLMNR;udp dst port 5355
%MDNS;udp dst port 5353
%NB-NS;udp dst port 137
%NB-DGM;udp dst port 138
%DP-LSP;udp dst port 17500
%TRAP-DAEMON;udp dst port 3600
%DHCP4;udp port (67 || 68)
%DHCP6;udp port (546 || 547)
%WS-DISC;udp port 3702
%WSP;udp dst port 9200
%TEREDO;udp dst port 3544
%SPOTIFY;udp dst port 57621
%SIP;udp dst port 5060
%BT-LPD;udp dst port 6771
%NVBM;udp dst port 8225
%SVRLOC;udp dst port 427
%ENPC;udp dst port 3289
%QTSTREAM;udp dst port 7555
%HDHOMERUN;udp dst port 65001
%PLEX-DISC0;udp dst port 32410
%PLEX-DISC2;udp dst port 32412
%PLEX-DISC3;udp dst port 32413
%PLEX-DISC4;udp dst port 32414
%BT-UTP;udp dst port 16680
%WF-BSSERV;udp dst port 61117
%FAXIMUM;udp dst port 7437
%TOMCAT;udp dst port 9006
%DISTINCT;udp dst port 9999
%UDP-25412;udp dst port 25412
%UDP-10203;udp dst port 10203
%UDP-60128;udp dst port 60128
%COREL-VNC;udp dst port 2654
%HPVMMCTRL;udp dst port 1124
%CBT;udp dst port 7777
%MCAFEE;udp dst port 6646
%UDP-39455;udp dst port 39455
%UDP-889;udp dst port 889
%UDP-16962;udp dst port 16962
%TSEQ;udp dst port 0
%CANON-BJNP;udp dst port 8612
%RIP;udp dst port 520
%RIPNG;udp dst port 521
%OLSRV1;udp dst port 698
%BABEL;udp dst port 6696
%MANET;udp dst port 269
%RESPONDD-QRY;udp dst port 1001
%SYNCTHING-LPD;udp dst port 21027
%USTEER;udp dst port 16720
%L3ROAMD;udp dst port 5523
%MMFD;udp dst port 27275
%RETICULUM;udp dst port 29716

IP4;ip
IP6;ip6
BLA;arp and arp[0:2] = 0x0001 and arp[2:2] = 0x0800 and arp[6:2] = 0x0002 and arp[14:4] = 0x00000000 and arp[18:2] = 0xff43 and arp[20:1] = 0x05 and arp[24:4] = 0x00000000
ARP;arp and not ${BLA}
IPX;ipx
NETBEUI;netbeui
LLDP;ether proto 0x88CC

IP4:IGMP;${IP4} && igmp
IP4:IGMP:QUERY-V1;${IP4:IGMP} and igmp[0] = 0x11 and ip[2:2] = 0x0020 and igmp[1] = 0x00
IP4:IGMP:QUERY-V2;${IP4:IGMP} and igmp[0] = 0x11 and ip[2:2] = 0x0020 and not (igmp[1] = 0x00)
IP4:IGMP:QUERY-V3;${IP4:IGMP} and igmp[0] = 0x11 and ip[2:2] >= 0x0024
IP4:IGMP:QUERY-UNKNOWN;${IP4:IGMP} and igmp[0] = 0x11 and not ((ip[2:2] = 0x0020 and igmp[1] = 0x00) or (ip[2:2] = 0x0020 and not (igmp[1] = 0x00)) or ip[2:2] >= 0x0024)
IP4:IGMP:REPORT-V1;${IP4:IGMP} and igmp[0] = 0x12
IP4:IGMP:REPORT-V2;${IP4:IGMP} and igmp[0] = 0x16
IP4:IGMP:LEAVE-V2;${IP4:IGMP} and igmp[0] = 0x17
IP4:IGMP:REPORT-V3;${IP4:IGMP} and igmp[0] = 0x22
IP4:IGMP:MRD-ADV;${IP4:IGMP} and igmp[0] = 0x30
IP4:IGMP:MRD-SOL;${IP4:IGMP} and igmp[0] = 0x31
IP4:IGMP:MRD-TERM;${IP4:IGMP} and igmp[0] = 0x32

IP4:MC;${IP4} && ip multicast
IP4:MC:PIM;${IP4:MC} && ((ip proto 103) or ((ip proto 2) and (ip[20] == 0x14)))
IP4:MC:OSPF;${IP4:MC} && ip proto 89
IP4:MC:MANET;${IP4:MC} && ip proto 138
IP4:MC:UDP;${IP4:MC} && udp

IP4:MC:UDP:SSDP;${IP4:MC:UDP} && ${%SSDP}
IP4:MC:UDP:LLMNR;${IP4:MC:UDP} && ${%LLMNR}
IP4:MC:UDP:MDNS;${IP4:MC:UDP} && ${%MDNS}
IP4:MC:UDP:NB-NS;${IP4:MC:UDP} && ${%NB-NS}
IP4:MC:UDP:NB-DGM;${IP4:MC:UDP} && ${%NB-DGM}
IP4:MC:UDP:DP-LSP;${IP4:MC:UDP} && ${%DP-LSP}
IP4:MC:UDP:TRAP-DAEMON;${IP4:MC:UDP} && ${%TRAP-DAEMON}
IP4:MC:UDP:DHCP4;${IP4:MC:UDP} && ${%DHCP4}
IP4:MC:UDP:DHCP6;${IP4:MC:UDP} && ${%DHCP6}
IP4:MC:UDP:WS-DISC;${IP4:MC:UDP} && ${%WS-DISC}
IP4:MC:UDP:WSP;${IP4:MC:UDP} && ${%WSP}
IP4:MC:UDP:TEREDO;${IP4:MC:UDP} && ${%TEREDO}
IP4:MC:UDP:SPOTIFY;${IP4:MC:UDP} && ${%SPOTIFY}
IP4:MC:UDP:SIP;${IP4:MC:UDP} && ${%SIP}
IP4:MC:UDP:BT-LPD;${IP4:MC:UDP} && ${%BT-LPD}
IP4:MC:UDP:NVBM;${IP4:MC:UDP} && ${%NVBM}
IP4:MC:UDP:SVRLOC;${IP4:MC:UDP} && ${%SVRLOC}
IP4:MC:UDP:ENPC;${IP4:MC:UDP} && ${%ENPC}
IP4:MC:UDP:QTSTREAM;${IP4:MC:UDP} && ${%QTSTREAM}
IP4:MC:UDP:HDHOMERUN;${IP4:MC:UDP} && ${%HDHOMERUN}
IP4:MC:UDP:PLEX-DISC0;${IP4:MC:UDP} && ${%PLEX-DISC0}
IP4:MC:UDP:PLEX-DISC2;${IP4:MC:UDP} && ${%PLEX-DISC2}
IP4:MC:UDP:PLEX-DISC3;${IP4:MC:UDP} && ${%PLEX-DISC3}
IP4:MC:UDP:PLEX-DISC4;${IP4:MC:UDP} && ${%PLEX-DISC4}
IP4:MC:UDP:BT-UTP;${IP4:MC:UDP} && ${%BT-UTP}
IP4:MC:UDP:WF-BSSERV;${IP4:MC:UDP} && ${%WF-BSSERV}
IP4:MC:UDP:FAXIMUM;${IP4:MC:UDP} && ${%FAXIMUM}
IP4:MC:UDP:TOMCAT;${IP4:MC:UDP} && ${%TOMCAT}
IP4:MC:UDP:DISTINCT;${IP4:MC:UDP} && ${%DISTINCT}
IP4:MC:UDP:UDP-25412;${IP4:MC:UDP} && ${%UDP-25412}
IP4:MC:UDP:UDP-10203;${IP4:MC:UDP} && ${%UDP-10203}
IP4:MC:UDP:UDP-60128;${IP4:MC:UDP} && ${%UDP-60128}
IP4:MC:UDP:COREL-VNC;${IP4:MC:UDP} && ${%COREL-VNC}
IP4:MC:UDP:HPVMMCTRL;${IP4:MC:UDP} && ${%HPVMMCTRL}
IP4:MC:UDP:CBT;${IP4:MC:UDP} && ${%CBT}
IP4:MC:UDP:MCAFEE;${IP4:MC:UDP} && ${%MCAFEE}
IP4:MC:UDP:UDP-39455;${IP4:MC:UDP} && ${%UDP-39455}
IP4:MC:UDP:UDP-889;${IP4:MC:UDP} && ${%UDP-889}
IP4:MC:UDP:UDP-16962;${IP4:MC:UDP} && ${%UDP-16962}
IP4:MC:UDP:TSEQ;${IP4:MC:UDP} && ${%TSEQ}
IP4:MC:UDP:CANON-BJNP;${IP4:MC:UDP} && ${%CANON-BJNP}
IP4:MC:UDP:RIP;${IP4:MC:UDP} && ${%RIP}
IP4:MC:UDP:RIPNG;${IP4:MC:UDP} && ${%RIPNG}
IP4:MC:UDP:OLSRV1;${IP4:MC:UDP} && ${%OLSRV1}
IP4:MC:UDP:BABEL;${IP4:MC:UDP} && ${%BABEL}
IP4:MC:UDP:MANET;${IP4:MC:UDP} && ${%MANET}
IP4:MC:UDP:RESPONDD-QRY;${IP4:MC:UDP} && ${%RESPONDD-QRY}
IP4:MC:UDP:SYNCTHING-LPD;${IP4:MC:UDP} && ${%SYNCTHING-LPD}
IP4:MC:UDP:USTEER;${IP4:MC:UDP} && ${%USTEER}
IP4:MC:UDP:L3ROAMD;${IP4:MC:UDP} && ${%L3ROAMD}
IP4:MC:UDP:MMFD;${IP4:MC:UDP} && ${%MMFD}
IP4:MC:UDP:RETICULUM;${IP4:MC:UDP} && ${%RETICULUM}

IP6:MC;${IP6} && ip6 multicast
IP6:MC:PIM;${IP6:MC} && ip6 proto 103
IP6:MC:OSPF;${IP6:MC} && ip6 proto 89
IP6:MC:MANET;${IP6:MC} && ip6 proto 138
IP6:MC:UDP;${IP6:MC} && udp

IP6:MC:UDP:SSDP;${IP6:MC:UDP} && ${%SSDP}
IP6:MC:UDP:LLMNR;${IP6:MC:UDP} && ${%LLMNR}
IP6:MC:UDP:MDNS;${IP6:MC:UDP} && ${%MDNS}
IP6:MC:UDP:NB-NS;${IP6:MC:UDP} && ${%NB-NS}
IP6:MC:UDP:NB-DGM;${IP6:MC:UDP} && ${%NB-DGM}
IP6:MC:UDP:DP-LSP;${IP6:MC:UDP} && ${%DP-LSP}
IP6:MC:UDP:TRAP-DAEMON;${IP6:MC:UDP} && ${%TRAP-DAEMON}
IP6:MC:UDP:DHCP4;${IP6:MC:UDP} && ${%DHCP4}
IP6:MC:UDP:DHCP6;${IP6:MC:UDP} && ${%DHCP6}
IP6:MC:UDP:WS-DISC;${IP6:MC:UDP} && ${%WS-DISC}
IP6:MC:UDP:WSP;${IP6:MC:UDP} && ${%WSP}
IP6:MC:UDP:TEREDO;${IP6:MC:UDP} && ${%TEREDO}
IP6:MC:UDP:SPOTIFY;${IP6:MC:UDP} && ${%SPOTIFY}
IP6:MC:UDP:SIP;${IP6:MC:UDP} && ${%SIP}
IP6:MC:UDP:BT-LPD;${IP6:MC:UDP} && ${%BT-LPD}
IP6:MC:UDP:NVBM;${IP6:MC:UDP} && ${%NVBM}
IP6:MC:UDP:SVRLOC;${IP6:MC:UDP} && ${%SVRLOC}
IP6:MC:UDP:ENPC;${IP6:MC:UDP} && ${%ENPC}
IP6:MC:UDP:QTSTREAM;${IP6:MC:UDP} && ${%QTSTREAM}
IP6:MC:UDP:HDHOMERUN;${IP6:MC:UDP} && ${%HDHOMERUN}
IP6:MC:UDP:PLEX-DISC0;${IP6:MC:UDP} && ${%PLEX-DISC0}
IP6:MC:UDP:PLEX-DISC2;${IP6:MC:UDP} && ${%PLEX-DISC2}
IP6:MC:UDP:PLEX-DISC3;${IP6:MC:UDP} && ${%PLEX-DISC3}
IP6:MC:UDP:PLEX-DISC4;${IP6:MC:UDP} && ${%PLEX-DISC4}
IP6:MC:UDP:BT-UTP;${IP6:MC:UDP} && ${%BT-UTP}
IP6:MC:UDP:WF-BSSERV;${IP6:MC:UDP} && ${%WF-BSSERV}
IP6:MC:UDP:FAXIMUM;${IP6:MC:UDP} && ${%FAXIMUM}
IP6:MC:UDP:TOMCAT;${IP6:MC:UDP} && ${%TOMCAT}
IP6:MC:UDP:DISTINCT;${IP6:MC:UDP} && ${%DISTINCT}
IP6:MC:UDP:UDP-25412;${IP6:MC:UDP} && ${%UDP-25412}
IP6:MC:UDP:UDP-10203;${IP6:MC:UDP} && ${%UDP-10203}
IP6:MC:UDP:UDP-60128;${IP6:MC:UDP} && ${%UDP-60128}
IP6:MC:UDP:COREL-VNC;${IP6:MC:UDP} && ${%COREL-VNC}
IP6:MC:UDP:HPVMMCTRL;${IP6:MC:UDP} && ${%HPVMMCTRL}
IP6:MC:UDP:CBT;${IP6:MC:UDP} && ${%CBT}
IP6:MC:UDP:MCAFEE;${IP6:MC:UDP} && ${%MCAFEE}
IP6:MC:UDP:UDP-39455;${IP6:MC:UDP} && ${%UDP-39455}
IP6:MC:UDP:UDP-889;${IP6:MC:UDP} && ${%UDP-889}
IP6:MC:UDP:UDP-16962;${IP6:MC:UDP} && ${%UDP-16962}
IP6:MC:UDP:TSEQ;${IP6:MC:UDP} && ${%TSEQ}
IP6:MC:UDP:CANON-BJNP;${IP6:MC:UDP} && ${%CANON-BJNP}
IP6:MC:UDP:RIP;${IP6:MC:UDP} && ${%RIP}
IP6:MC:UDP:RIPNG;${IP6:MC:UDP} && ${%RIPNG}
IP6:MC:UDP:OLSRV1;${IP6:MC:UDP} && ${%OLSRV1}
IP6:MC:UDP:BABEL;${IP6:MC:UDP} && ${%BABEL}
IP6:MC:UDP:MANET;${IP6:MC:UDP} && ${%MANET}
IP6:MC:UDP:RESPONDD-QRY;${IP6:MC:UDP} && ${%RESPONDD-QRY}
IP6:MC:UDP:SYNCTHING-LPD;${IP6:MC:UDP} && ${%SYNCTHING-LPD}
IP6:MC:UDP:USTEER;${IP6:MC:UDP} && ${%USTEER}
IP6:MC:UDP:L3ROAMD;${IP6:MC:UDP} && ${%L3ROAMD}
IP6:MC:UDP:MMFD;${IP6:MC:UDP} && ${%MMFD}
IP6:MC:UDP:RETICULUM;${IP6:MC:UDP} && ${%RETICULUM}

IP6:MC:HBH6;${IP6:MC} && ip6 proto 0
IP6:MC:ICMP6;${IP6:MC} && ip6 proto 58

IP6:MC:HBH6:MLD;${IP6:MC:HBH6} and ip6[40] = 58 and ip6[41] = 0x00 and ip6[42:4] = 0x05020000 and (ip6[46:2] = 0x0000 or ip6[46:2] = 0x0100)
IP6:MC:HBH6:MLD:QUERY-V1;${IP6:MC:HBH6:MLD} and ip6[48] = 130 and ip6[4:2] = 0x0020
IP6:MC:HBH6:MLD:QUERY-V1:GENERAL;${IP6:MC:HBH6:MLD:QUERY-V1} and ip6[56:4] = 0x00000000 and ip6[60:4] = 0x00000000 and ip6[64:4] = 0x00000000 and ip6[68:4] = 0x00000000
IP6:MC:HBH6:MLD:QUERY-V1:ADDRSPEC;${IP6:MC:HBH6:MLD:QUERY-V1} and not (ip6[56:4] = 0x00000000 and ip6[60:4] = 0x00000000 and ip6[64:4] = 0x00000000 and ip6[68:4] = 0x00000000)
IP6:MC:HBH6:MLD:QUERY-V2;${IP6:MC:HBH6:MLD} and ip6[48] = 130 and ip6[4:2] >= 0x0024
IP6:MC:HBH6:MLD:QUERY-V2:GENERAL;${IP6:MC:HBH6:MLD:QUERY-V2} and ip6[56:4] = 0x00000000 and ip6[60:4] = 0x00000000 and ip6[64:4] = 0x00000000 and ip6[68:4] = 0x00000000
IP6:MC:HBH6:MLD:QUERY-V2:ADDRSPEC;${IP6:MC:HBH6:MLD:QUERY-V2} and not (ip6[56:4] = 0x00000000 and ip6[60:4] = 0x00000000 and ip6[64:4] = 0x00000000 and ip6[68:4] = 0x00000000)
IP6:MC:HBH6:MLD:QUERY-UNKNOWN;${IP6:MC:HBH6:MLD} and ip6[48] = 130 and not (ip6[4:2] = 0x0020 or ip6[4:2] >= 0x0024)
IP6:MC:HBH6:MLD:REPORT-V1;${IP6:MC:HBH6:MLD} and ip6[48] = 131
IP6:MC:HBH6:MLD:DONE-V1;${IP6:MC:HBH6:MLD} and ip6[48] = 132
IP6:MC:HBH6:MLD:REPORT-V2;${IP6:MC:HBH6:MLD} and ip6[48] = 143
IP6:MC:HBH6:MLD:MRD-ADV;${IP6:MC:HBH6:MLD} and ip6[48] = 151
IP6:MC:HBH6:MLD:MRD-SOL;${IP6:MC:HBH6:MLD} and ip6[48] = 152
IP6:MC:HBH6:MLD:MRD-TERM;${IP6:MC:HBH6:MLD} and ip6[48] = 153
IP6:MC:HBH6:OTHER;${IP6:MC:HBH6} and not ${IP6:MC:HBH6:MLD}

IP6:MC:ICMP6:ECHOREQ;${IP6:MC:ICMP6} && icmp6[icmp6type] = icmp6-echo
IP6:MC:ICMP6:ECHOREP;${IP6:MC:ICMP6} && icmp6[icmp6type] = icmp6-echoreply
IP6:MC:ICMP6:NDSOL;${IP6:MC:ICMP6} && icmp6[icmp6type] = icmp6-neighborsolicit
IP6:MC:ICMP6:NDADV;${IP6:MC:ICMP6} && icmp6[icmp6type] = icmp6-neighboradvert
IP6:MC:ICMP6:NDADV:UNSOL;${IP6:MC:ICMP6:NDADV} and ip6 host ff02::1
IP6:MC:ICMP6:NDADV:OTHER;${IP6:MC:ICMP6:NDADV} and not (ip6 host ff02::1)
IP6:MC:ICMP6:RTRSOL;${IP6:MC:ICMP6} && icmp6[icmp6type] = icmp6-routersolicit
IP6:MC:ICMP6:RTRADV;${IP6:MC:ICMP6} && icmp6[icmp6type] = icmp6-routeradvert
IP6:MC:ICMP6:OTHER;${IP6:MC:ICMP6} && not (${IP6:MC:ICMP6:ECHOREQ} || ${IP6:MC:ICMP6:ECHOREP} || ${IP6:MC:ICMP6:NDSOL} || ${IP6:MC:ICMP6:NDADV} || ${IP6:MC:ICMP6:RTRSOL} || ${IP6:MC:ICMP6:RTRADV})

BLA:CLAIM;${BLA} and arp[21:1] = 0x00
BLA:UNCLAIM;${BLA} and arp[21:1] = 0x01
BLA:ANNOUNCE;${BLA} and arp[21:1] = 0x02
BLA:REQUEST;${BLA} and arp[21:1] = 0x03
BLA:LOOPDETECT;${BLA} and arp[21:1] = 0x04

ARP:REQ;${ARP} and arp[6:2] = 0x0001
ARP:REQ:UNSOL;${ARP:REQ} and arp[18:4] = 0xffffffff and arp[22:2] = 0xffff
ARP:REQ:OTHER;${ARP:REQ} and not (arp[18:4] = 0xffffffff and arp[22:2] = 0xffff)
ARP:REP;${ARP} and arp[6:2] = 0x0002
ARP:REP:UNSOL;${ARP:REP} and arp[18:4] = 0xffffffff and arp[22:2] = 0xffff
ARP:REP:OTHER;${ARP:REP} and not (arp[18:4] = 0xffffffff and arp[22:2] = 0xffff)

BAT;batadv
BAT:BAT-OGM_IV;batadv 15 iv_ogm
BAT:BAT-OGM_V;batadv 15 ogm2
BAT:BAT-ELP;batadv 15 elp
BAT:BAT-UCAST;batadv 15 unicast
BAT:BAT-UCAST4;batadv 15 unicast_4addr
BAT:BAT-UCAST_FRAG;batadv 15 unicast_frag
BAT:BAT-UCAST_TVLV;batadv 15 unicast_tvlv
BAT:BAT-BCAST;batadv 15 bcast
BAT:BAT-ICMP;batadv 15 \icmp
BAT:BAT-CODED;batadv 15 coded
BAT:BAT-OTHER;batadv and not (${BAT:BAT-OGM_IV} || ${BAT:BAT-OGM_V} || ${BAT:BAT-ELP} || ${BAT:BAT-UCAST} || ${BAT:BAT-UCAST4} || ${BAT:BAT-UCAST_FRAG} || ${BAT:BAT-UCAST_TVLV} || ${BAT:BAT-BCAST} || ${BAT:BAT-ICMP} || ${BAT:BAT-CODED})


BAT:BAT-BCAST:IP4;${BAT:BAT-BCAST} && ${IP4}
BAT:BAT-BCAST:IP6;${BAT:BAT-BCAST} && ${IP6}
BAT:BAT-BCAST:BLA;${BAT:BAT-BCAST} && ${BLA}
BAT:BAT-BCAST:ARP;${BAT:BAT-BCAST} && ${ARP}
BAT:BAT-BCAST:IPX;${BAT:BAT-BCAST} && ${IPX}
BAT:BAT-BCAST:NETBEUI;${BAT:BAT-BCAST} && ${NETBEUI}
BAT:BAT-BCAST:LLDP;${BAT:BAT-BCAST} && ${LLDP}
BAT:BAT-BCAST:OTHER;${BAT:BAT-BCAST} && not (${BAT:BAT-BCAST:IP4} || ${BAT:BAT-BCAST:IP6} || ${BAT:BAT-BCAST:BLA} || ${BAT:BAT-BCAST:ARP} || ${BAT:BAT-BCAST:IPX} || ${BAT:BAT-BCAST:NETBEUI} || ${BAT:BAT-BCAST:LLDP})

BAT:BAT-UCAST:IP4;${BAT:BAT-UCAST} && ${IP4}
BAT:BAT-UCAST:IP6;${BAT:BAT-UCAST} && ${IP6}
BAT:BAT-UCAST:BLA;${BAT:BAT-UCAST} && ${BLA}
BAT:BAT-UCAST:ARP;${BAT:BAT-UCAST} && ${ARP}
BAT:BAT-UCAST:IPX;${BAT:BAT-UCAST} && ${IPX}
BAT:BAT-UCAST:NETBEUI;${BAT:BAT-UCAST} && ${NETBEUI}
BAT:BAT-UCAST:LLDP;${BAT:BAT-UCAST} && ${LLDP}
BAT:BAT-UCAST:OTHER;${BAT:BAT-UCAST} && not (${BAT:BAT-UCAST:IP4} || ${BAT:BAT-UCAST:IP6} || ${BAT:BAT-UCAST:BLA} || ${BAT:BAT-UCAST:ARP} || ${BAT:BAT-UCAST:IPX} || ${BAT:BAT-UCAST:NETBEUI} || ${BAT:BAT-UCAST:LLDP})

BAT:BAT-UCAST4:IP4;${BAT:BAT-UCAST4} && ${IP4}
BAT:BAT-UCAST4:IP6;${BAT:BAT-UCAST4} && ${IP6}
BAT:BAT-UCAST4:BLA;${BAT:BAT-UCAST4} && ${BLA}
BAT:BAT-UCAST4:ARP;${BAT:BAT-UCAST4} && ${ARP}
BAT:BAT-UCAST4:IPX;${BAT:BAT-UCAST4} && ${IPX}
BAT:BAT-UCAST4:NETBEUI;${BAT:BAT-UCAST4} && ${NETBEUI}
BAT:BAT-UCAST4:LLDP;${BAT:BAT-UCAST4} && ${LLDP}
BAT:BAT-UCAST4:OTHER;${BAT:BAT-UCAST4} && not (${BAT:BAT-UCAST4:IP4} || ${BAT:BAT-UCAST4:IP6} || ${BAT:BAT-UCAST4:BLA} || ${BAT:BAT-UCAST4:ARP} || ${BAT:BAT-UCAST4:IPX} || ${BAT:BAT-UCAST4:NETBEUI} || ${BAT:BAT-UCAST4:LLDP})

BAT:BAT-UCAST_TVLV:IP4;${BAT:BAT-UCAST_TVLV} && ${IP4}
BAT:BAT-UCAST_TVLV:IP6;${BAT:BAT-UCAST_TVLV} && ${IP6}
BAT:BAT-UCAST_TVLV:BLA;${BAT:BAT-UCAST_TVLV} && ${BLA}
BAT:BAT-UCAST_TVLV:ARP;${BAT:BAT-UCAST_TVLV} && ${ARP}
BAT:BAT-UCAST_TVLV:IPX;${BAT:BAT-UCAST_TVLV} && ${IPX}
BAT:BAT-UCAST_TVLV:NETBEUI;${BAT:BAT-UCAST_TVLV} && ${NETBEUI}
BAT:BAT-UCAST_TVLV:LLDP;${BAT:BAT-UCAST_TVLV} && ${LLDP}
BAT:BAT-UCAST_TVLV:OTHER;${BAT:BAT-UCAST_TVLV} && not (${BAT:BAT-UCAST_TVLV:IP4} || ${BAT:BAT-UCAST_TVLV:IP6} || ${BAT:BAT-UCAST_TVLV:BLA} || ${BAT:BAT-UCAST_TVLV:ARP} || ${BAT:BAT-UCAST_TVLV:IPX} || ${BAT:BAT-UCAST_TVLV:NETBEUI} || ${BAT:BAT-UCAST_TVLV:LLDP})


BAT:BAT-BCAST:IP4:IGMP;${BAT:BAT-BCAST} && ${IP4:IGMP}
BAT:BAT-BCAST:IP4:IGMP:QUERY-V1;${BAT:BAT-BCAST} && ${IP4:IGMP:QUERY-V1}
BAT:BAT-BCAST:IP4:IGMP:QUERY-V2;${BAT:BAT-BCAST} && ${IP4:IGMP:QUERY-V2}
BAT:BAT-BCAST:IP4:IGMP:QUERY-V3;${BAT:BAT-BCAST} && ${IP4:IGMP:QUERY-V3}
BAT:BAT-BCAST:IP4:IGMP:QUERY-UNKNOWN;${BAT:BAT-BCAST} && ${IP4:IGMP:QUERY-UNKNOWN}
BAT:BAT-BCAST:IP4:IGMP:REPORT-V1;${BAT:BAT-BCAST} && ${IP4:IGMP:REPORT-V1}
BAT:BAT-BCAST:IP4:IGMP:REPORT-V2;${BAT:BAT-BCAST} && ${IP4:IGMP:REPORT-V2}
BAT:BAT-BCAST:IP4:IGMP:LEAVE-V2;${BAT:BAT-BCAST} && ${IP4:IGMP:LEAVE-V2}
BAT:BAT-BCAST:IP4:IGMP:REPORT-V3;${BAT:BAT-BCAST} && ${IP4:IGMP:REPORT-V3}
BAT:BAT-BCAST:IP4:IGMP:MRD-ADV;${BAT:BAT-BCAST} && ${IP4:IGMP:MRD-ADV}
BAT:BAT-BCAST:IP4:IGMP:MRD-SOL;${BAT:BAT-BCAST} && ${IP4:IGMP:MRD-SOL}
BAT:BAT-BCAST:IP4:IGMP:MRD-TERM;${BAT:BAT-BCAST} && ${IP4:IGMP:MRD-TERM}

BAT:BAT-BCAST:IP4:MC;${BAT:BAT-BCAST} && ${IP4:MC}
BAT:BAT-BCAST:IP4:MC:PIM;${BAT:BAT-BCAST} && ${IP4:MC:PIM}
BAT:BAT-BCAST:IP4:MC:OSPF;${BAT:BAT-BCAST} && ${IP4:MC:OSPF}
BAT:BAT-BCAST:IP4:MC:MANET;${BAT:BAT-BCAST} && ${IP4:MC:MANET}
BAT:BAT-BCAST:IP4:MC:UDP;${BAT:BAT-BCAST} && ${IP4:MC:UDP}

BAT:BAT-BCAST:IP4:MC:UDP:SSDP;${BAT:BAT-BCAST:IP4:MC:UDP} && ${%SSDP}
BAT:BAT-BCAST:IP4:MC:UDP:LLMNR;${BAT:BAT-BCAST:IP4:MC:UDP} && ${%LLMNR}
BAT:BAT-BCAST:IP4:MC:UDP:MDNS;${BAT:BAT-BCAST:IP4:MC:UDP} && ${%MDNS}
BAT:BAT-BCAST:IP4:MC:UDP:NB-NS;${BAT:BAT-BCAST:IP4:MC:UDP} && ${%NB-NS}
BAT:BAT-BCAST:IP4:MC:UDP:NB-DGM;${BAT:BAT-BCAST:IP4:MC:UDP} && ${%NB-DGM}
BAT:BAT-BCAST:IP4:MC:UDP:DP-LSP;${BAT:BAT-BCAST:IP4:MC:UDP} && ${%DP-LSP}
BAT:BAT-BCAST:IP4:MC:UDP:TRAP-DAEMON;${BAT:BAT-BCAST:IP4:MC:UDP} && ${%TRAP-DAEMON}
BAT:BAT-BCAST:IP4:MC:UDP:DHCP4;${BAT:BAT-BCAST:IP4:MC:UDP} && ${%DHCP4}
BAT:BAT-BCAST:IP4:MC:UDP:DHCP6;${BAT:BAT-BCAST:IP4:MC:UDP} && ${%DHCP6}
BAT:BAT-BCAST:IP4:MC:UDP:WS-DISC;${BAT:BAT-BCAST:IP4:MC:UDP} && ${%WS-DISC}
BAT:BAT-BCAST:IP4:MC:UDP:WSP;${BAT:BAT-BCAST:IP4:MC:UDP} && ${%WSP}
BAT:BAT-BCAST:IP4:MC:UDP:TEREDO;${BAT:BAT-BCAST:IP4:MC:UDP} && ${%TEREDO}
BAT:BAT-BCAST:IP4:MC:UDP:SPOTIFY;${BAT:BAT-BCAST:IP4:MC:UDP} && ${%SPOTIFY}
BAT:BAT-BCAST:IP4:MC:UDP:SIP;${BAT:BAT-BCAST:IP4:MC:UDP} && ${%SIP}
BAT:BAT-BCAST:IP4:MC:UDP:BT-LPD;${BAT:BAT-BCAST:IP4:MC:UDP} && ${%BT-LPD}
BAT:BAT-BCAST:IP4:MC:UDP:NVBM;${BAT:BAT-BCAST:IP4:MC:UDP} && ${%NVBM}
BAT:BAT-BCAST:IP4:MC:UDP:SVRLOC;${BAT:BAT-BCAST:IP4:MC:UDP} && ${%SVRLOC}
BAT:BAT-BCAST:IP4:MC:UDP:ENPC;${BAT:BAT-BCAST:IP4:MC:UDP} && ${%ENPC}
BAT:BAT-BCAST:IP4:MC:UDP:QTSTREAM;${BAT:BAT-BCAST:IP4:MC:UDP} && ${%QTSTREAM}
BAT:BAT-BCAST:IP4:MC:UDP:HDHOMERUN;${BAT:BAT-BCAST:IP4:MC:UDP} && ${%HDHOMERUN}
BAT:BAT-BCAST:IP4:MC:UDP:PLEX-DISC0;${BAT:BAT-BCAST:IP4:MC:UDP} && ${%PLEX-DISC0}
BAT:BAT-BCAST:IP4:MC:UDP:PLEX-DISC2;${BAT:BAT-BCAST:IP4:MC:UDP} && ${%PLEX-DISC2}
BAT:BAT-BCAST:IP4:MC:UDP:PLEX-DISC3;${BAT:BAT-BCAST:IP4:MC:UDP} && ${%PLEX-DISC3}
BAT:BAT-BCAST:IP4:MC:UDP:PLEX-DISC4;${BAT:BAT-BCAST:IP4:MC:UDP} && ${%PLEX-DISC4}
BAT:BAT-BCAST:IP4:MC:UDP:BT-UTP;${BAT:BAT-BCAST:IP4:MC:UDP} && ${%BT-UTP}
BAT:BAT-BCAST:IP4:MC:UDP:WF-BSSERV;${BAT:BAT-BCAST:IP4:MC:UDP} && ${%WF-BSSERV}
BAT:BAT-BCAST:IP4:MC:UDP:FAXIMUM;${BAT:BAT-BCAST:IP4:MC:UDP} && ${%FAXIMUM}
BAT:BAT-BCAST:IP4:MC:UDP:TOMCAT;${BAT:BAT-BCAST:IP4:MC:UDP} && ${%TOMCAT}
BAT:BAT-BCAST:IP4:MC:UDP:DISTINCT;${BAT:BAT-BCAST:IP4:MC:UDP} && ${%DISTINCT}
BAT:BAT-BCAST:IP4:MC:UDP:UDP-25412;${BAT:BAT-BCAST:IP4:MC:UDP} && ${%UDP-25412}
BAT:BAT-BCAST:IP4:MC:UDP:UDP-10203;${BAT:BAT-BCAST:IP4:MC:UDP} && ${%UDP-10203}
BAT:BAT-BCAST:IP4:MC:UDP:UDP-60128;${BAT:BAT-BCAST:IP4:MC:UDP} && ${%UDP-60128}
BAT:BAT-BCAST:IP4:MC:UDP:COREL-VNC;${BAT:BAT-BCAST:IP4:MC:UDP} && ${%COREL-VNC}
BAT:BAT-BCAST:IP4:MC:UDP:HPVMMCTRL;${BAT:BAT-BCAST:IP4:MC:UDP} && ${%HPVMMCTRL}
BAT:BAT-BCAST:IP4:MC:UDP:CBT;${BAT:BAT-BCAST:IP4:MC:UDP} && ${%CBT}
BAT:BAT-BCAST:IP4:MC:UDP:MCAFEE;${BAT:BAT-BCAST:IP4:MC:UDP} && ${%MCAFEE}
BAT:BAT-BCAST:IP4:MC:UDP:UDP-39455;${BAT:BAT-BCAST:IP4:MC:UDP} && ${%UDP-39455}
BAT:BAT-BCAST:IP4:MC:UDP:UDP-889;${BAT:BAT-BCAST:IP4:MC:UDP} && ${%UDP-889}
BAT:BAT-BCAST:IP4:MC:UDP:UDP-16962;${BAT:BAT-BCAST:IP4:MC:UDP} && ${%UDP-16962}
BAT:BAT-BCAST:IP4:MC:UDP:TSEQ;${BAT:BAT-BCAST:IP4:MC:UDP} && ${%TSEQ}
BAT:BAT-BCAST:IP4:MC:UDP:CANON-BJNP;${BAT:BAT-BCAST:IP4:MC:UDP} && ${%CANON-BJNP}
BAT:BAT-BCAST:IP4:MC:UDP:RIP;${BAT:BAT-BCAST:IP4:MC:UDP} && ${%RIP}
BAT:BAT-BCAST:IP4:MC:UDP:RIPNG;${BAT:BAT-BCAST:IP4:MC:UDP} && ${%RIPNG}
BAT:BAT-BCAST:IP4:MC:UDP:OLSRV1;${BAT:BAT-BCAST:IP4:MC:UDP} && ${%OLSRV1}
BAT:BAT-BCAST:IP4:MC:UDP:BABEL;${BAT:BAT-BCAST:IP4:MC:UDP} && ${%BABEL}
BAT:BAT-BCAST:IP4:MC:UDP:MANET;${BAT:BAT-BCAST:IP4:MC:UDP} && ${%MANET}
BAT:BAT-BCAST:IP4:MC:UDP:RESPONDD-QRY;${BAT:BAT-BCAST:IP4:MC:UDP} && ${%RESPONDD-QRY}
BAT:BAT-BCAST:IP4:MC:UDP:SYNCTHING-LPD;${BAT:BAT-BCAST:IP4:MC:UDP} && ${%SYNCTHING-LPD}
BAT:BAT-BCAST:IP4:MC:UDP:USTEER;${BAT:BAT-BCAST:IP4:MC:UDP} && ${%USTEER}
BAT:BAT-BCAST:IP4:MC:UDP:L3ROAMD;${BAT:BAT-BCAST:IP4:MC:UDP} && ${%L3ROAMD}
BAT:BAT-BCAST:IP4:MC:UDP:MMFD;${BAT:BAT-BCAST:IP4:MC:UDP} && ${%MMFD}
BAT:BAT-BCAST:IP4:MC:UDP:RETICULUM;${BAT:BAT-BCAST:IP4:MC:UDP} && ${%RETICULUM}

BAT:BAT-BCAST:IP6:MC;${BAT:BAT-BCAST} && ${IP6:MC}
BAT:BAT-BCAST:IP6:MC:PIM;${BAT:BAT-BCAST} && ${IP6:MC:PIM}
BAT:BAT-BCAST:IP6:MC:OSPF;${BAT:BAT-BCAST} && ${IP6:MC:OSPF}
BAT:BAT-BCAST:IP6:MC:MANET;${BAT:BAT-BCAST} && ${IP6:MC:MANET}
BAT:BAT-BCAST:IP6:MC:UDP;${BAT:BAT-BCAST} && ${IP6:MC:UDP}

BAT:BAT-BCAST:IP6:MC:UDP:SSDP;${BAT:BAT-BCAST:IP6:MC:UDP} && ${%SSDP}
BAT:BAT-BCAST:IP6:MC:UDP:LLMNR;${BAT:BAT-BCAST:IP6:MC:UDP} && ${%LLMNR}
BAT:BAT-BCAST:IP6:MC:UDP:MDNS;${BAT:BAT-BCAST:IP6:MC:UDP} && ${%MDNS}
BAT:BAT-BCAST:IP6:MC:UDP:NB-NS;${BAT:BAT-BCAST:IP6:MC:UDP} && ${%NB-NS}
BAT:BAT-BCAST:IP6:MC:UDP:NB-DGM;${BAT:BAT-BCAST:IP6:MC:UDP} && ${%NB-DGM}
BAT:BAT-BCAST:IP6:MC:UDP:DP-LSP;${BAT:BAT-BCAST:IP6:MC:UDP} && ${%DP-LSP}
BAT:BAT-BCAST:IP6:MC:UDP:TRAP-DAEMON;${BAT:BAT-BCAST:IP6:MC:UDP} && ${%TRAP-DAEMON}
BAT:BAT-BCAST:IP6:MC:UDP:DHCP4;${BAT:BAT-BCAST:IP6:MC:UDP} && ${%DHCP4}
BAT:BAT-BCAST:IP6:MC:UDP:DHCP6;${BAT:BAT-BCAST:IP6:MC:UDP} && ${%DHCP6}
BAT:BAT-BCAST:IP6:MC:UDP:WS-DISC;${BAT:BAT-BCAST:IP6:MC:UDP} && ${%WS-DISC}
BAT:BAT-BCAST:IP6:MC:UDP:WSP;${BAT:BAT-BCAST:IP6:MC:UDP} && ${%WSP}
BAT:BAT-BCAST:IP6:MC:UDP:TEREDO;${BAT:BAT-BCAST:IP6:MC:UDP} && ${%TEREDO}
BAT:BAT-BCAST:IP6:MC:UDP:SPOTIFY;${BAT:BAT-BCAST:IP6:MC:UDP} && ${%SPOTIFY}
BAT:BAT-BCAST:IP6:MC:UDP:SIP;${BAT:BAT-BCAST:IP6:MC:UDP} && ${%SIP}
BAT:BAT-BCAST:IP6:MC:UDP:BT-LPD;${BAT:BAT-BCAST:IP6:MC:UDP} && ${%BT-LPD}
BAT:BAT-BCAST:IP6:MC:UDP:NVBM;${BAT:BAT-BCAST:IP6:MC:UDP} && ${%NVBM}
BAT:BAT-BCAST:IP6:MC:UDP:SVRLOC;${BAT:BAT-BCAST:IP6:MC:UDP} && ${%SVRLOC}
BAT:BAT-BCAST:IP6:MC:UDP:ENPC;${BAT:BAT-BCAST:IP6:MC:UDP} && ${%ENPC}
BAT:BAT-BCAST:IP6:MC:UDP:QTSTREAM;${BAT:BAT-BCAST:IP6:MC:UDP} && ${%QTSTREAM}
BAT:BAT-BCAST:IP6:MC:UDP:HDHOMERUN;${BAT:BAT-BCAST:IP6:MC:UDP} && ${%HDHOMERUN}
BAT:BAT-BCAST:IP6:MC:UDP:PLEX-DISC0;${BAT:BAT-BCAST:IP6:MC:UDP} && ${%PLEX-DISC0}
BAT:BAT-BCAST:IP6:MC:UDP:PLEX-DISC2;${BAT:BAT-BCAST:IP6:MC:UDP} && ${%PLEX-DISC2}
BAT:BAT-BCAST:IP6:MC:UDP:PLEX-DISC3;${BAT:BAT-BCAST:IP6:MC:UDP} && ${%PLEX-DISC3}
BAT:BAT-BCAST:IP6:MC:UDP:PLEX-DISC4;${BAT:BAT-BCAST:IP6:MC:UDP} && ${%PLEX-DISC4}
BAT:BAT-BCAST:IP6:MC:UDP:BT-UTP;${BAT:BAT-BCAST:IP6:MC:UDP} && ${%BT-UTP}
BAT:BAT-BCAST:IP6:MC:UDP:WF-BSSERV;${BAT:BAT-BCAST:IP6:MC:UDP} && ${%WF-BSSERV}
BAT:BAT-BCAST:IP6:MC:UDP:FAXIMUM;${BAT:BAT-BCAST:IP6:MC:UDP} && ${%FAXIMUM}
BAT:BAT-BCAST:IP6:MC:UDP:TOMCAT;${BAT:BAT-BCAST:IP6:MC:UDP} && ${%TOMCAT}
BAT:BAT-BCAST:IP6:MC:UDP:DISTINCT;${BAT:BAT-BCAST:IP6:MC:UDP} && ${%DISTINCT}
BAT:BAT-BCAST:IP6:MC:UDP:UDP-25412;${BAT:BAT-BCAST:IP6:MC:UDP} && ${%UDP-25412}
BAT:BAT-BCAST:IP6:MC:UDP:UDP-10203;${BAT:BAT-BCAST:IP6:MC:UDP} && ${%UDP-10203}
BAT:BAT-BCAST:IP6:MC:UDP:UDP-60128;${BAT:BAT-BCAST:IP6:MC:UDP} && ${%UDP-60128}
BAT:BAT-BCAST:IP6:MC:UDP:COREL-VNC;${BAT:BAT-BCAST:IP6:MC:UDP} && ${%COREL-VNC}
BAT:BAT-BCAST:IP6:MC:UDP:HPVMMCTRL;${BAT:BAT-BCAST:IP6:MC:UDP} && ${%HPVMMCTRL}
BAT:BAT-BCAST:IP6:MC:UDP:CBT;${BAT:BAT-BCAST:IP6:MC:UDP} && ${%CBT}
BAT:BAT-BCAST:IP6:MC:UDP:MCAFEE;${BAT:BAT-BCAST:IP6:MC:UDP} && ${%MCAFEE}
BAT:BAT-BCAST:IP6:MC:UDP:UDP-39455;${BAT:BAT-BCAST:IP6:MC:UDP} && ${%UDP-39455}
BAT:BAT-BCAST:IP6:MC:UDP:UDP-889;${BAT:BAT-BCAST:IP6:MC:UDP} && ${%UDP-889}
BAT:BAT-BCAST:IP6:MC:UDP:UDP-16962;${BAT:BAT-BCAST:IP6:MC:UDP} && ${%UDP-16962}
BAT:BAT-BCAST:IP6:MC:UDP:TSEQ;${BAT:BAT-BCAST:IP6:MC:UDP} && ${%TSEQ}
BAT:BAT-BCAST:IP6:MC:UDP:CANON-BJNP;${BAT:BAT-BCAST:IP6:MC:UDP} && ${%CANON-BJNP}
BAT:BAT-BCAST:IP6:MC:UDP:RIP;${BAT:BAT-BCAST:IP6:MC:UDP} && ${%RIP}
BAT:BAT-BCAST:IP6:MC:UDP:RIPNG;${BAT:BAT-BCAST:IP6:MC:UDP} && ${%RIPNG}
BAT:BAT-BCAST:IP6:MC:UDP:OLSRV1;${BAT:BAT-BCAST:IP6:MC:UDP} && ${%OLSRV1}
BAT:BAT-BCAST:IP6:MC:UDP:BABEL;${BAT:BAT-BCAST:IP6:MC:UDP} && ${%BABEL}
BAT:BAT-BCAST:IP6:MC:UDP:MANET;${BAT:BAT-BCAST:IP6:MC:UDP} && ${%MANET}
BAT:BAT-BCAST:IP6:MC:UDP:RESPONDD-QRY;${BAT:BAT-BCAST:IP6:MC:UDP} && ${%RESPONDD-QRY}
BAT:BAT-BCAST:IP6:MC:UDP:SYNCTHING-LPD;${BAT:BAT-BCAST:IP6:MC:UDP} && ${%SYNCTHING-LPD}
BAT:BAT-BCAST:IP6:MC:UDP:USTEER;${BAT:BAT-BCAST:IP6:MC:UDP} && ${%USTEER}
BAT:BAT-BCAST:IP6:MC:UDP:L3ROAMD;${BAT:BAT-BCAST:IP6:MC:UDP} && ${%L3ROAMD}
BAT:BAT-BCAST:IP6:MC:UDP:MMFD;${BAT:BAT-BCAST:IP6:MC:UDP} && ${%MMFD}
BAT:BAT-BCAST:IP6:MC:UDP:RETICULUM;${BAT:BAT-BCAST:IP6:MC:UDP} && ${%RETICULUM}

BAT:BAT-BCAST:IP6:MC:HBH6;${BAT:BAT-BCAST} && ${IP6:MC:HBH6}
BAT:BAT-BCAST:IP6:MC:ICMP6;${BAT:BAT-BCAST} && ${IP6:MC:ICMP6}

BAT:BAT-BCAST:IP6:MC:HBH6:MLD;${BAT:BAT-BCAST} && ${IP6:MC:HBH6:MLD}
BAT:BAT-BCAST:IP6:MC:HBH6:MLD:QUERY-V1;${BAT:BAT-BCAST} && ${IP6:MC:HBH6:MLD:QUERY-V1}
BAT:BAT-BCAST:IP6:MC:HBH6:MLD:QUERY-V1:GENERAL;${BAT:BAT-BCAST} && ${IP6:MC:HBH6:MLD:QUERY-V1:GENERAL}
BAT:BAT-BCAST:IP6:MC:HBH6:MLD:QUERY-V1:ADDRSPEC;${BAT:BAT-BCAST} && ${IP6:MC:HBH6:MLD:QUERY-V1:ADDRSPEC}
BAT:BAT-BCAST:IP6:MC:HBH6:MLD:QUERY-V2;${BAT:BAT-BCAST} && ${IP6:MC:HBH6:MLD:QUERY-V2}
BAT:BAT-BCAST:IP6:MC:HBH6:MLD:QUERY-V2:GENERAL;${BAT:BAT-BCAST} && ${IP6:MC:HBH6:MLD:QUERY-V2:GENERAL}
BAT:BAT-BCAST:IP6:MC:HBH6:MLD:QUERY-V2:ADDRSPEC;${BAT:BAT-BCAST} && ${IP6:MC:HBH6:MLD:QUERY-V2:ADDRSPEC}
BAT:BAT-BCAST:IP6:MC:HBH6:MLD:QUERY-UNKNOWN;${BAT:BAT-BCAST} && ${IP6:MC:HBH6:MLD:QUERY-UNKNOWN}
BAT:BAT-BCAST:IP6:MC:HBH6:MLD:REPORT-V1;${BAT:BAT-BCAST} && ${IP6:MC:HBH6:MLD:REPORT-V1}
BAT:BAT-BCAST:IP6:MC:HBH6:MLD:DONE-V1;${BAT:BAT-BCAST} && ${IP6:MC:HBH6:MLD:DONE-V1}
BAT:BAT-BCAST:IP6:MC:HBH6:MLD:REPORT-V2;${BAT:BAT-BCAST} && ${IP6:MC:HBH6:MLD:REPORT-V2}
BAT:BAT-BCAST:IP6:MC:HBH6:MLD:MRD-ADV;${BAT:BAT-BCAST} && ${IP6:MC:HBH6:MLD:MRD-ADV}
BAT:BAT-BCAST:IP6:MC:HBH6:MLD:MRD-SOL;${BAT:BAT-BCAST} && ${IP6:MC:HBH6:MLD:MRD-SOL}
BAT:BAT-BCAST:IP6:MC:HBH6:MLD:MRD-TERM;${BAT:BAT-BCAST} && ${IP6:MC:HBH6:MLD:MRD-TERM}
BAT:BAT-BCAST:IP6:MC:HBH6:OTHER;${BAT:BAT-BCAST} && ${IP6:MC:HBH6} and not (${BAT:BAT-BCAST:IP6:MC:HBH6:MLD})

BAT:BAT-BCAST:IP6:MC:ICMP6:ECHOREQ;${BAT:BAT-BCAST} && ${IP6:MC:ICMP6:ECHOREQ}
BAT:BAT-BCAST:IP6:MC:ICMP6:ECHOREP;${BAT:BAT-BCAST} && ${IP6:MC:ICMP6:ECHOREP}
BAT:BAT-BCAST:IP6:MC:ICMP6:NDSOL;${BAT:BAT-BCAST} && ${IP6:MC:ICMP6:NDSOL}
BAT:BAT-BCAST:IP6:MC:ICMP6:NDADV;${BAT:BAT-BCAST} && ${IP6:MC:ICMP6:NDADV}
BAT:BAT-BCAST:IP6:MC:ICMP6:NDADV:UNSOL;${BAT:BAT-BCAST} and ${IP6:MC:ICMP6:NDADV:UNSOL}
BAT:BAT-BCAST:IP6:MC:ICMP6:NDADV:OTHER;${BAT:BAT-BCAST} and ${IP6:MC:ICMP6:NDADV:OTHER}
BAT:BAT-BCAST:IP6:MC:ICMP6:RTRSOL;${BAT:BAT-BCAST} && ${IP6:MC:ICMP6:RTRSOL}
BAT:BAT-BCAST:IP6:MC:ICMP6:RTRADV;${BAT:BAT-BCAST} && ${IP6:MC:ICMP6:RTRADV}
BAT:BAT-BCAST:IP6:MC:ICMP6:OTHER;${BAT:BAT-BCAST} && ${IP6:MC:ICMP6:OTHER}

BAT:BAT-BCAST:BLA:CLAIM;${BAT:BAT-BCAST} and ${BLA:CLAIM}
BAT:BAT-BCAST:BLA:UNCLAIM;${BAT:BAT-BCAST} and ${BLA:UNCLAIM}
BAT:BAT-BCAST:BLA:ANNOUNCE;${BAT:BAT-BCAST} and ${BLA:ANNOUNCE}
BAT:BAT-BCAST:BLA:REQUEST;${BAT:BAT-BCAST} and ${BLA:REQUEST}
BAT:BAT-BCAST:BLA:LOOPDETECT;${BAT:BAT-BCAST} and ${BLA:LOOPDETECT}

BAT:BAT-BCAST:ARP:REQ;${BAT:BAT-BCAST} and ${ARP:REQ}
BAT:BAT-BCAST:ARP:REQ:UNSOL;${BAT:BAT-BCAST} and ${ARP:REQ:UNSOL}
BAT:BAT-BCAST:ARP:REQ:OTHER;${BAT:BAT-BCAST} and ${ARP:REQ:OTHER}
BAT:BAT-BCAST:ARP:REP;${BAT:BAT-BCAST} and ${ARP:REP}
BAT:BAT-BCAST:ARP:REP:UNSOL;${BAT:BAT-BCAST} and ${ARP:REP:UNSOL}
BAT:BAT-BCAST:ARP:REP:OTHER;${BAT:BAT-BCAST} and ${ARP:REP:OTHER}


BAT:BAT-UCAST:IP4:MC;${BAT:BAT-UCAST} && ${IP4:MC}
BAT:BAT-UCAST:IP4:MC:PIM;${BAT:BAT-UCAST} && ${IP4:MC:PIM}
BAT:BAT-UCAST:IP4:MC:OSPF;${BAT:BAT-UCAST} && ${IP4:MC:OSPF}
BAT:BAT-UCAST:IP4:MC:MANET;${BAT:BAT-UCAST} && ${IP4:MC:MANET}
BAT:BAT-UCAST:IP4:MC:UDP;${BAT:BAT-UCAST} && ${IP4:MC:UDP}

BAT:BAT-UCAST:IP4:MC:UDP:SSDP;${BAT:BAT-UCAST:IP4:MC:UDP} && ${%SSDP}
BAT:BAT-UCAST:IP4:MC:UDP:LLMNR;${BAT:BAT-UCAST:IP4:MC:UDP} && ${%LLMNR}
BAT:BAT-UCAST:IP4:MC:UDP:MDNS;${BAT:BAT-UCAST:IP4:MC:UDP} && ${%MDNS}
BAT:BAT-UCAST:IP4:MC:UDP:NB-NS;${BAT:BAT-UCAST:IP4:MC:UDP} && ${%NB-NS}
BAT:BAT-UCAST:IP4:MC:UDP:NB-DGM;${BAT:BAT-UCAST:IP4:MC:UDP} && ${%NB-DGM}
BAT:BAT-UCAST:IP4:MC:UDP:DP-LSP;${BAT:BAT-UCAST:IP4:MC:UDP} && ${%DP-LSP}
BAT:BAT-UCAST:IP4:MC:UDP:TRAP-DAEMON;${BAT:BAT-UCAST:IP4:MC:UDP} && ${%TRAP-DAEMON}
BAT:BAT-UCAST:IP4:MC:UDP:DHCP4;${BAT:BAT-UCAST:IP4:MC:UDP} && ${%DHCP4}
BAT:BAT-UCAST:IP4:MC:UDP:DHCP6;${BAT:BAT-UCAST:IP4:MC:UDP} && ${%DHCP6}
BAT:BAT-UCAST:IP4:MC:UDP:WS-DISC;${BAT:BAT-UCAST:IP4:MC:UDP} && ${%WS-DISC}
BAT:BAT-UCAST:IP4:MC:UDP:WSP;${BAT:BAT-UCAST:IP4:MC:UDP} && ${%WSP}
BAT:BAT-UCAST:IP4:MC:UDP:TEREDO;${BAT:BAT-UCAST:IP4:MC:UDP} && ${%TEREDO}
BAT:BAT-UCAST:IP4:MC:UDP:SPOTIFY;${BAT:BAT-UCAST:IP4:MC:UDP} && ${%SPOTIFY}
BAT:BAT-UCAST:IP4:MC:UDP:SIP;${BAT:BAT-UCAST:IP4:MC:UDP} && ${%SIP}
BAT:BAT-UCAST:IP4:MC:UDP:BT-LPD;${BAT:BAT-UCAST:IP4:MC:UDP} && ${%BT-LPD}
BAT:BAT-UCAST:IP4:MC:UDP:NVBM;${BAT:BAT-UCAST:IP4:MC:UDP} && ${%NVBM}
BAT:BAT-UCAST:IP4:MC:UDP:SVRLOC;${BAT:BAT-UCAST:IP4:MC:UDP} && ${%SVRLOC}
BAT:BAT-UCAST:IP4:MC:UDP:ENPC;${BAT:BAT-UCAST:IP4:MC:UDP} && ${%ENPC}
BAT:BAT-UCAST:IP4:MC:UDP:QTSTREAM;${BAT:BAT-UCAST:IP4:MC:UDP} && ${%QTSTREAM}
BAT:BAT-UCAST:IP4:MC:UDP:HDHOMERUN;${BAT:BAT-UCAST:IP4:MC:UDP} && ${%HDHOMERUN}
BAT:BAT-UCAST:IP4:MC:UDP:PLEX-DISC0;${BAT:BAT-UCAST:IP4:MC:UDP} && ${%PLEX-DISC0}
BAT:BAT-UCAST:IP4:MC:UDP:PLEX-DISC2;${BAT:BAT-UCAST:IP4:MC:UDP} && ${%PLEX-DISC2}
BAT:BAT-UCAST:IP4:MC:UDP:PLEX-DISC3;${BAT:BAT-UCAST:IP4:MC:UDP} && ${%PLEX-DISC3}
BAT:BAT-UCAST:IP4:MC:UDP:PLEX-DISC4;${BAT:BAT-UCAST:IP4:MC:UDP} && ${%PLEX-DISC4}
BAT:BAT-UCAST:IP4:MC:UDP:BT-UTP;${BAT:BAT-UCAST:IP4:MC:UDP} && ${%BT-UTP}
BAT:BAT-UCAST:IP4:MC:UDP:WF-BSSERV;${BAT:BAT-UCAST:IP4:MC:UDP} && ${%WF-BSSERV}
BAT:BAT-UCAST:IP4:MC:UDP:FAXIMUM;${BAT:BAT-UCAST:IP4:MC:UDP} && ${%FAXIMUM}
BAT:BAT-UCAST:IP4:MC:UDP:TOMCAT;${BAT:BAT-UCAST:IP4:MC:UDP} && ${%TOMCAT}
BAT:BAT-UCAST:IP4:MC:UDP:DISTINCT;${BAT:BAT-UCAST:IP4:MC:UDP} && ${%DISTINCT}
BAT:BAT-UCAST:IP4:MC:UDP:UDP-25412;${BAT:BAT-UCAST:IP4:MC:UDP} && ${%UDP-25412}
BAT:BAT-UCAST:IP4:MC:UDP:UDP-10203;${BAT:BAT-UCAST:IP4:MC:UDP} && ${%UDP-10203}
BAT:BAT-UCAST:IP4:MC:UDP:UDP-60128;${BAT:BAT-UCAST:IP4:MC:UDP} && ${%UDP-60128}
BAT:BAT-UCAST:IP4:MC:UDP:COREL-VNC;${BAT:BAT-UCAST:IP4:MC:UDP} && ${%COREL-VNC}
BAT:BAT-UCAST:IP4:MC:UDP:HPVMMCTRL;${BAT:BAT-UCAST:IP4:MC:UDP} && ${%HPVMMCTRL}
BAT:BAT-UCAST:IP4:MC:UDP:CBT;${BAT:BAT-UCAST:IP4:MC:UDP} && ${%CBT}
BAT:BAT-UCAST:IP4:MC:UDP:MCAFEE;${BAT:BAT-UCAST:IP4:MC:UDP} && ${%MCAFEE}
BAT:BAT-UCAST:IP4:MC:UDP:UDP-39455;${BAT:BAT-UCAST:IP4:MC:UDP} && ${%UDP-39455}
BAT:BAT-UCAST:IP4:MC:UDP:UDP-889;${BAT:BAT-UCAST:IP4:MC:UDP} && ${%UDP-889}
BAT:BAT-UCAST:IP4:MC:UDP:UDP-16962;${BAT:BAT-UCAST:IP4:MC:UDP} && ${%UDP-16962}
BAT:BAT-UCAST:IP4:MC:UDP:TSEQ;${BAT:BAT-UCAST:IP4:MC:UDP} && ${%TSEQ}
BAT:BAT-UCAST:IP4:MC:UDP:CANON-BJNP;${BAT:BAT-UCAST:IP4:MC:UDP} && ${%CANON-BJNP}
BAT:BAT-UCAST:IP4:MC:UDP:RIP;${BAT:BAT-UCAST:IP4:MC:UDP} && ${%RIP}
BAT:BAT-UCAST:IP4:MC:UDP:RIPNG;${BAT:BAT-UCAST:IP4:MC:UDP} && ${%RIPNG}
BAT:BAT-UCAST:IP4:MC:UDP:OLSRV1;${BAT:BAT-UCAST:IP4:MC:UDP} && ${%OLSRV1}
BAT:BAT-UCAST:IP4:MC:UDP:BABEL;${BAT:BAT-UCAST:IP4:MC:UDP} && ${%BABEL}
BAT:BAT-UCAST:IP4:MC:UDP:MANET;${BAT:BAT-UCAST:IP4:MC:UDP} && ${%MANET}
BAT:BAT-UCAST:IP4:MC:UDP:RESPONDD-QRY;${BAT:BAT-UCAST:IP4:MC:UDP} && ${%RESPONDD-QRY}
BAT:BAT-UCAST:IP4:MC:UDP:SYNCTHING-LPD;${BAT:BAT-UCAST:IP4:MC:UDP} && ${%SYNCTHING-LPD}
BAT:BAT-UCAST:IP4:MC:UDP:USTEER;${BAT:BAT-UCAST:IP4:MC:UDP} && ${%USTEER}
BAT:BAT-UCAST:IP4:MC:UDP:L3ROAMD;${BAT:BAT-UCAST:IP4:MC:UDP} && ${%L3ROAMD}
BAT:BAT-UCAST:IP4:MC:UDP:MMFD;${BAT:BAT-UCAST:IP4:MC:UDP} && ${%MMFD}
BAT:BAT-UCAST:IP4:MC:UDP:RETICULUM;${BAT:BAT-UCAST:IP4:MC:UDP} && ${%RETICULUM}

BAT:BAT-UCAST:IP6:MC;${BAT:BAT-UCAST} && ${IP6:MC}
BAT:BAT-UCAST:IP6:MC:PIM;${BAT:BAT-UCAST} && ${IP6:MC:PIM}
BAT:BAT-UCAST:IP6:MC:OSPF;${BAT:BAT-UCAST} && ${IP6:MC:OSPF}
BAT:BAT-UCAST:IP6:MC:MANET;${BAT:BAT-UCAST} && ${IP6:MC:MANET}
BAT:BAT-UCAST:IP6:MC:UDP;${BAT:BAT-UCAST} && ${IP6:MC:UDP}

BAT:BAT-UCAST:IP6:MC:UDP:SSDP;${BAT:BAT-UCAST:IP6:MC:UDP} && ${%SSDP}
BAT:BAT-UCAST:IP6:MC:UDP:LLMNR;${BAT:BAT-UCAST:IP6:MC:UDP} && ${%LLMNR}
BAT:BAT-UCAST:IP6:MC:UDP:MDNS;${BAT:BAT-UCAST:IP6:MC:UDP} && ${%MDNS}
BAT:BAT-UCAST:IP6:MC:UDP:NB-NS;${BAT:BAT-UCAST:IP6:MC:UDP} && ${%NB-NS}
BAT:BAT-UCAST:IP6:MC:UDP:NB-DGM;${BAT:BAT-UCAST:IP6:MC:UDP} && ${%NB-DGM}
BAT:BAT-UCAST:IP6:MC:UDP:DP-LSP;${BAT:BAT-UCAST:IP6:MC:UDP} && ${%DP-LSP}
BAT:BAT-UCAST:IP6:MC:UDP:TRAP-DAEMON;${BAT:BAT-UCAST:IP6:MC:UDP} && ${%TRAP-DAEMON}
BAT:BAT-UCAST:IP6:MC:UDP:DHCP4;${BAT:BAT-UCAST:IP6:MC:UDP} && ${%DHCP4}
BAT:BAT-UCAST:IP6:MC:UDP:DHCP6;${BAT:BAT-UCAST:IP6:MC:UDP} && ${%DHCP6}
BAT:BAT-UCAST:IP6:MC:UDP:WS-DISC;${BAT:BAT-UCAST:IP6:MC:UDP} && ${%WS-DISC}
BAT:BAT-UCAST:IP6:MC:UDP:WSP;${BAT:BAT-UCAST:IP6:MC:UDP} && ${%WSP}
BAT:BAT-UCAST:IP6:MC:UDP:TEREDO;${BAT:BAT-UCAST:IP6:MC:UDP} && ${%TEREDO}
BAT:BAT-UCAST:IP6:MC:UDP:SPOTIFY;${BAT:BAT-UCAST:IP6:MC:UDP} && ${%SPOTIFY}
BAT:BAT-UCAST:IP6:MC:UDP:SIP;${BAT:BAT-UCAST:IP6:MC:UDP} && ${%SIP}
BAT:BAT-UCAST:IP6:MC:UDP:BT-LPD;${BAT:BAT-UCAST:IP6:MC:UDP} && ${%BT-LPD}
BAT:BAT-UCAST:IP6:MC:UDP:NVBM;${BAT:BAT-UCAST:IP6:MC:UDP} && ${%NVBM}
BAT:BAT-UCAST:IP6:MC:UDP:SVRLOC;${BAT:BAT-UCAST:IP6:MC:UDP} && ${%SVRLOC}
BAT:BAT-UCAST:IP6:MC:UDP:ENPC;${BAT:BAT-UCAST:IP6:MC:UDP} && ${%ENPC}
BAT:BAT-UCAST:IP6:MC:UDP:QTSTREAM;${BAT:BAT-UCAST:IP6:MC:UDP} && ${%QTSTREAM}
BAT:BAT-UCAST:IP6:MC:UDP:HDHOMERUN;${BAT:BAT-UCAST:IP6:MC:UDP} && ${%HDHOMERUN}
BAT:BAT-UCAST:IP6:MC:UDP:PLEX-DISC0;${BAT:BAT-UCAST:IP6:MC:UDP} && ${%PLEX-DISC0}
BAT:BAT-UCAST:IP6:MC:UDP:PLEX-DISC2;${BAT:BAT-UCAST:IP6:MC:UDP} && ${%PLEX-DISC2}
BAT:BAT-UCAST:IP6:MC:UDP:PLEX-DISC3;${BAT:BAT-UCAST:IP6:MC:UDP} && ${%PLEX-DISC3}
BAT:BAT-UCAST:IP6:MC:UDP:PLEX-DISC4;${BAT:BAT-UCAST:IP6:MC:UDP} && ${%PLEX-DISC4}
BAT:BAT-UCAST:IP6:MC:UDP:BT-UTP;${BAT:BAT-UCAST:IP6:MC:UDP} && ${%BT-UTP}
BAT:BAT-UCAST:IP6:MC:UDP:WF-BSSERV;${BAT:BAT-UCAST:IP6:MC:UDP} && ${%WF-BSSERV}
BAT:BAT-UCAST:IP6:MC:UDP:FAXIMUM;${BAT:BAT-UCAST:IP6:MC:UDP} && ${%FAXIMUM}
BAT:BAT-UCAST:IP6:MC:UDP:TOMCAT;${BAT:BAT-UCAST:IP6:MC:UDP} && ${%TOMCAT}
BAT:BAT-UCAST:IP6:MC:UDP:DISTINCT;${BAT:BAT-UCAST:IP6:MC:UDP} && ${%DISTINCT}
BAT:BAT-UCAST:IP6:MC:UDP:UDP-25412;${BAT:BAT-UCAST:IP6:MC:UDP} && ${%UDP-25412}
BAT:BAT-UCAST:IP6:MC:UDP:UDP-10203;${BAT:BAT-UCAST:IP6:MC:UDP} && ${%UDP-10203}
BAT:BAT-UCAST:IP6:MC:UDP:UDP-60128;${BAT:BAT-UCAST:IP6:MC:UDP} && ${%UDP-60128}
BAT:BAT-UCAST:IP6:MC:UDP:COREL-VNC;${BAT:BAT-UCAST:IP6:MC:UDP} && ${%COREL-VNC}
BAT:BAT-UCAST:IP6:MC:UDP:HPVMMCTRL;${BAT:BAT-UCAST:IP6:MC:UDP} && ${%HPVMMCTRL}
BAT:BAT-UCAST:IP6:MC:UDP:CBT;${BAT:BAT-UCAST:IP6:MC:UDP} && ${%CBT}
BAT:BAT-UCAST:IP6:MC:UDP:MCAFEE;${BAT:BAT-UCAST:IP6:MC:UDP} && ${%MCAFEE}
BAT:BAT-UCAST:IP6:MC:UDP:UDP-39455;${BAT:BAT-UCAST:IP6:MC:UDP} && ${%UDP-39455}
BAT:BAT-UCAST:IP6:MC:UDP:UDP-889;${BAT:BAT-UCAST:IP6:MC:UDP} && ${%UDP-889}
BAT:BAT-UCAST:IP6:MC:UDP:UDP-16962;${BAT:BAT-UCAST:IP6:MC:UDP} && ${%UDP-16962}
BAT:BAT-UCAST:IP6:MC:UDP:TSEQ;${BAT:BAT-UCAST:IP6:MC:UDP} && ${%TSEQ}
BAT:BAT-UCAST:IP6:MC:UDP:CANON-BJNP;${BAT:BAT-UCAST:IP6:MC:UDP} && ${%CANON-BJNP}
BAT:BAT-UCAST:IP6:MC:UDP:RIP;${BAT:BAT-UCAST:IP6:MC:UDP} && ${%RIP}
BAT:BAT-UCAST:IP6:MC:UDP:RIPNG;${BAT:BAT-UCAST:IP6:MC:UDP} && ${%RIPNG}
BAT:BAT-UCAST:IP6:MC:UDP:OLSRV1;${BAT:BAT-UCAST:IP6:MC:UDP} && ${%OLSRV1}
BAT:BAT-UCAST:IP6:MC:UDP:BABEL;${BAT:BAT-UCAST:IP6:MC:UDP} && ${%BABEL}
BAT:BAT-UCAST:IP6:MC:UDP:MANET;${BAT:BAT-UCAST:IP6:MC:UDP} && ${%MANET}
BAT:BAT-UCAST:IP6:MC:UDP:RESPONDD-QRY;${BAT:BAT-UCAST:IP6:MC:UDP} && ${%RESPONDD-QRY}
BAT:BAT-UCAST:IP6:MC:UDP:SYNCTHING-LPD;${BAT:BAT-UCAST:IP6:MC:UDP} && ${%SYNCTHING-LPD}
BAT:BAT-UCAST:IP6:MC:UDP:USTEER;${BAT:BAT-UCAST:IP6:MC:UDP} && ${%USTEER}
BAT:BAT-UCAST:IP6:MC:UDP:L3ROAMD;${BAT:BAT-UCAST:IP6:MC:UDP} && ${%L3ROAMD}
BAT:BAT-UCAST:IP6:MC:UDP:MMFD;${BAT:BAT-UCAST:IP6:MC:UDP} && ${%MMFD}
BAT:BAT-UCAST:IP6:MC:UDP:RETICULUM;${BAT:BAT-UCAST:IP6:MC:UDP} && ${%RETICULUM}

BAT:BAT-UCAST:IP6:MC:HBH6;${BAT:BAT-UCAST} && ${IP6:MC:HBH6}
BAT:BAT-UCAST:IP6:MC:ICMP6;${BAT:BAT-UCAST} && ${IP6:MC:ICMP6}

BAT:BAT-UCAST:IP6:MC:HBH6:MLD;${BAT:BAT-UCAST} && ${IP6:MC:HBH6:MLD}
BAT:BAT-UCAST:IP6:MC:HBH6:MLD:QUERY-V1;${BAT:BAT-UCAST} && ${IP6:MC:HBH6:MLD:QUERY-V1}
BAT:BAT-UCAST:IP6:MC:HBH6:MLD:QUERY-V1:GENERAL;${BAT:BAT-UCAST} && ${IP6:MC:HBH6:MLD:QUERY-V1:GENERAL}
BAT:BAT-UCAST:IP6:MC:HBH6:MLD:QUERY-V1:ADDRSPEC;${BAT:BAT-UCAST} && ${IP6:MC:HBH6:MLD:QUERY-V1:ADDRSPEC}
BAT:BAT-UCAST:IP6:MC:HBH6:MLD:QUERY-V2;${BAT:BAT-UCAST} && ${IP6:MC:HBH6:MLD:QUERY-V2}
BAT:BAT-UCAST:IP6:MC:HBH6:MLD:QUERY-V2:GENERAL;${BAT:BAT-UCAST} && ${IP6:MC:HBH6:MLD:QUERY-V2:GENERAL}
BAT:BAT-UCAST:IP6:MC:HBH6:MLD:QUERY-V2:ADDRSPEC;${BAT:BAT-UCAST} && ${IP6:MC:HBH6:MLD:QUERY-V2:ADDRSPEC}
BAT:BAT-UCAST:IP6:MC:HBH6:MLD:QUERY-UNKNOWN;${BAT:BAT-UCAST} && ${IP6:MC:HBH6:MLD:QUERY-UNKNOWN}
BAT:BAT-UCAST:IP6:MC:HBH6:MLD:REPORT-V1;${BAT:BAT-UCAST} && ${IP6:MC:HBH6:MLD:REPORT-V1}
BAT:BAT-UCAST:IP6:MC:HBH6:MLD:DONE-V1;${BAT:BAT-UCAST} && ${IP6:MC:HBH6:MLD:DONE-V1}
BAT:BAT-UCAST:IP6:MC:HBH6:MLD:REPORT-V2;${BAT:BAT-UCAST} && ${IP6:MC:HBH6:MLD:REPORT-V2}
BAT:BAT-UCAST:IP6:MC:HBH6:MLD:MRD-ADV;${BAT:BAT-UCAST} && ${IP6:MC:HBH6:MLD:MRD-ADV}
BAT:BAT-UCAST:IP6:MC:HBH6:MLD:MRD-SOL;${BAT:BAT-UCAST} && ${IP6:MC:HBH6:MLD:MRD-SOL}
BAT:BAT-UCAST:IP6:MC:HBH6:MLD:MRD-TERM;${BAT:BAT-UCAST} && ${IP6:MC:HBH6:MLD:MRD-TERM}
BAT:BAT-UCAST:IP6:MC:HBH6:OTHER;${BAT:BAT-UCAST} && ${IP6:MC:HBH6} and not (${BAT:BAT-UCAST:IP6:MC:HBH6:MLD})

BAT:BAT-UCAST:IP6:MC:ICMP6:ECHOREQ;${BAT:BAT-UCAST} && ${IP6:MC:ICMP6:ECHOREQ}
BAT:BAT-UCAST:IP6:MC:ICMP6:ECHOREP;${BAT:BAT-UCAST} && ${IP6:MC:ICMP6:ECHOREP}
BAT:BAT-UCAST:IP6:MC:ICMP6:NDSOL;${BAT:BAT-UCAST} && ${IP6:MC:ICMP6:NDSOL}
BAT:BAT-UCAST:IP6:MC:ICMP6:NDADV;${BAT:BAT-UCAST} && ${IP6:MC:ICMP6:NDADV}
BAT:BAT-UCAST:IP6:MC:ICMP6:NDADV:UNSOL;${BAT:BAT-UCAST} && ${IP6:MC:ICMP6:NDADV:UNSOL}
BAT:BAT-UCAST:IP6:MC:ICMP6:NDADV:OTHER;${BAT:BAT-UCAST} && ${IP6:MC:ICMP6:NDADV:OTHER}
BAT:BAT-UCAST:IP6:MC:ICMP6:RTRSOL;${BAT:BAT-UCAST} && ${IP6:MC:ICMP6:RTRSOL}
BAT:BAT-UCAST:IP6:MC:ICMP6:RTRADV;${BAT:BAT-UCAST} && ${IP6:MC:ICMP6:RTRADV}
BAT:BAT-UCAST:IP6:MC:ICMP6:OTHER;${BAT:BAT-UCAST} && ${IP6:MC:ICMP6:OTHER}

BAT:BAT-UCAST:BLA:CLAIM;${BAT:BAT-UCAST} and ${BLA:CLAIM}
BAT:BAT-UCAST:BLA:UNCLAIM;${BAT:BAT-UCAST} and ${BLA:UNCLAIM}
BAT:BAT-UCAST:BLA:ANNOUNCE;${BAT:BAT-UCAST} and ${BLA:ANNOUNCE}
BAT:BAT-UCAST:BLA:REQUEST;${BAT:BAT-UCAST} and ${BLA:REQUEST}
BAT:BAT-UCAST:BLA:LOOPDETECT;${BAT:BAT-UCAST} and ${BLA:LOOPDETECT}

BAT:BAT-UCAST:ARP:REQ;${BAT:BAT-UCAST} and ${ARP:REQ}
BAT:BAT-UCAST:ARP:REQ:UNSOL;${BAT:BAT-UCAST} and ${ARP:REQ:UNSOL}
BAT:BAT-UCAST:ARP:REQ:OTHER;${BAT:BAT-UCAST} and ${ARP:REQ:OTHER}
BAT:BAT-UCAST:ARP:REP;${BAT:BAT-UCAST} and ${ARP:REP}
BAT:BAT-UCAST:ARP:REP:UNSOL;${BAT:BAT-UCAST} and ${ARP:REP:UNSOL}
BAT:BAT-UCAST:ARP:REP:OTHER;${BAT:BAT-UCAST} and ${ARP:REP:OTHER}
